PODS:
  - MJRefresh (3.1.15.3)
  - SnapKit (4.0.0)
  - YHKit (1.0.0):
    - MJRefresh
    - SnapKit

DEPENDENCIES:
  - YHKit (from `../`)

SPEC REPOS:
  https://github.com/cocoapods/specs.git:
    - MJRefresh
    - SnapKit

EXTERNAL SOURCES:
  YHKit:
    :path: "../"

SPEC CHECKSUMS:
  MJRefresh: b48380ae2b927b46c4ef000de9adb8dc748e1df7
  SnapKit: a42d492c16e80209130a3379f73596c3454b7694
  YHKit: bb6a3014166c0de5192a84ea8f288d268bbce93b

PODFILE CHECKSUM: cf29aa42bd64c96cdb12c34d4ad67d1dc8d1d6a0

COCOAPODS: 1.6.1
